
Microsoft Visual Studio Solution File, Format Version 12.00
# Visual Studio 14
VisualStudioVersion = 14.0.23107.0
MinimumVisualStudioVersion = 10.0.40219.1
Project("{2150E333-8FDC-42A3-9474-1A3956D46DE8}") = "MessageBus", "MessageBus", "{93CB4140-B35D-46EA-80FC-9BF7D1A9F1F0}"
EndProject
Project("{2150E333-8FDC-42A3-9474-1A3956D46DE8}") = "Tests", "Tests", "{1CF72EDC-0C1C-4396-8154-FAE9C42DD445}"
EndProject
Project("{2150E333-8FDC-42A3-9474-1A3956D46DE8}") = "RabbitMQ", "RabbitMQ", "{4432699A-ECF9-436B-A46D-6F6A7F9C4BB7}"
EndProject
Project("{FAE04EC0-301F-11D3-BF4B-00C04F79EFBC}") = "ReactiveServices.MessageBus.RabbitMQ", "MessageBus\RabbitMQ\ReactiveServices.MessageBus.RabbitMQ.csproj", "{681EDEDC-C9DA-4D73-8294-ABD408CAED36}"
EndProject
Project("{FAE04EC0-301F-11D3-BF4B-00C04F79EFBC}") = "ReactiveServices.MessageBus.Tests", "MessageBus\Tests\ReactiveServices.MessageBus.Tests.csproj", "{91034DD7-C58F-420E-AC04-AC70793E675B}"
EndProject
Global
	GlobalSection(SolutionConfigurationPlatforms) = preSolution
		Debug|Any CPU = Debug|Any CPU
		Release|Any CPU = Release|Any CPU
	EndGlobalSection
	GlobalSection(ProjectConfigurationPlatforms) = postSolution
		{0DA6B5C5-085C-4EA7-B62F-B297B22D1A67}.Debug|Any CPU.ActiveCfg = Debug|Any CPU
		{0DA6B5C5-085C-4EA7-B62F-B297B22D1A67}.Debug|Any CPU.Build.0 = Debug|Any CPU
		{0DA6B5C5-085C-4EA7-B62F-B297B22D1A67}.Release|Any CPU.ActiveCfg = Release|Any CPU
		{0DA6B5C5-085C-4EA7-B62F-B297B22D1A67}.Release|Any CPU.Build.0 = Release|Any CPU
		{DA90F799-1C92-4AE8-AB1C-1145D74EA23C}.Debug|Any CPU.ActiveCfg = Debug|Any CPU
		{DA90F799-1C92-4AE8-AB1C-1145D74EA23C}.Debug|Any CPU.Build.0 = Debug|Any CPU
		{DA90F799-1C92-4AE8-AB1C-1145D74EA23C}.Release|Any CPU.ActiveCfg = Release|Any CPU
		{DA90F799-1C92-4AE8-AB1C-1145D74EA23C}.Release|Any CPU.Build.0 = Release|Any CPU
		{2A8DDAFD-0B2B-4798-89B6-EE43AFB380F7}.Debug|Any CPU.ActiveCfg = Debug|Any CPU
		{2A8DDAFD-0B2B-4798-89B6-EE43AFB380F7}.Debug|Any CPU.Build.0 = Debug|Any CPU
		{2A8DDAFD-0B2B-4798-89B6-EE43AFB380F7}.Release|Any CPU.ActiveCfg = Release|Any CPU
		{2A8DDAFD-0B2B-4798-89B6-EE43AFB380F7}.Release|Any CPU.Build.0 = Release|Any CPU
		{3DE12E86-D426-450A-B0B1-A9FB99D3E9D2}.Debug|Any CPU.ActiveCfg = Debug|Any CPU
		{3DE12E86-D426-450A-B0B1-A9FB99D3E9D2}.Debug|Any CPU.Build.0 = Debug|Any CPU
		{3DE12E86-D426-450A-B0B1-A9FB99D3E9D2}.Release|Any CPU.ActiveCfg = Release|Any CPU
		{3DE12E86-D426-450A-B0B1-A9FB99D3E9D2}.Release|Any CPU.Build.0 = Release|Any CPU
		{E1759601-F341-419E-B978-7B753241C4D9}.Debug|Any CPU.ActiveCfg = Debug|Any CPU
		{E1759601-F341-419E-B978-7B753241C4D9}.Debug|Any CPU.Build.0 = Debug|Any CPU
		{E1759601-F341-419E-B978-7B753241C4D9}.Release|Any CPU.ActiveCfg = Release|Any CPU
		{E1759601-F341-419E-B978-7B753241C4D9}.Release|Any CPU.Build.0 = Release|Any CPU
		{681EDEDC-C9DA-4D73-8294-ABD408CAED36}.Debug|Any CPU.ActiveCfg = Debug|Any CPU
		{681EDEDC-C9DA-4D73-8294-ABD408CAED36}.Debug|Any CPU.Build.0 = Debug|Any CPU
		{681EDEDC-C9DA-4D73-8294-ABD408CAED36}.Release|Any CPU.ActiveCfg = Release|Any CPU
		{681EDEDC-C9DA-4D73-8294-ABD408CAED36}.Release|Any CPU.Build.0 = Release|Any CPU
		{91034DD7-C58F-420E-AC04-AC70793E675B}.Debug|Any CPU.ActiveCfg = Debug|Any CPU
		{91034DD7-C58F-420E-AC04-AC70793E675B}.Debug|Any CPU.Build.0 = Debug|Any CPU
		{91034DD7-C58F-420E-AC04-AC70793E675B}.Release|Any CPU.ActiveCfg = Release|Any CPU
		{91034DD7-C58F-420E-AC04-AC70793E675B}.Release|Any CPU.Build.0 = Release|Any CPU
		{7CD6309F-C689-4111-B58D-88F5BA9F3CC4}.Debug|Any CPU.ActiveCfg = Debug|Any CPU
		{7CD6309F-C689-4111-B58D-88F5BA9F3CC4}.Debug|Any CPU.Build.0 = Debug|Any CPU
		{7CD6309F-C689-4111-B58D-88F5BA9F3CC4}.Release|Any CPU.ActiveCfg = Release|Any CPU
		{7CD6309F-C689-4111-B58D-88F5BA9F3CC4}.Release|Any CPU.Build.0 = Release|Any CPU
		{BF700DBB-E63D-47AD-AFB6-54128F012EF4}.Debug|Any CPU.ActiveCfg = Debug|Any CPU
		{BF700DBB-E63D-47AD-AFB6-54128F012EF4}.Debug|Any CPU.Build.0 = Debug|Any CPU
		{BF700DBB-E63D-47AD-AFB6-54128F012EF4}.Release|Any CPU.ActiveCfg = Release|Any CPU
		{BF700DBB-E63D-47AD-AFB6-54128F012EF4}.Release|Any CPU.Build.0 = Release|Any CPU
		{F3014E5A-3CC8-4C5D-8BE2-E28AB778F354}.Debug|Any CPU.ActiveCfg = Debug|Any CPU
		{F3014E5A-3CC8-4C5D-8BE2-E28AB778F354}.Debug|Any CPU.Build.0 = Debug|Any CPU
		{F3014E5A-3CC8-4C5D-8BE2-E28AB778F354}.Release|Any CPU.ActiveCfg = Release|Any CPU
		{F3014E5A-3CC8-4C5D-8BE2-E28AB778F354}.Release|Any CPU.Build.0 = Release|Any CPU
		{CE7384FD-52BB-4957-8C9A-26B2A873722A}.Debug|Any CPU.ActiveCfg = Debug|Any CPU
		{CE7384FD-52BB-4957-8C9A-26B2A873722A}.Debug|Any CPU.Build.0 = Debug|Any CPU
		{CE7384FD-52BB-4957-8C9A-26B2A873722A}.Release|Any CPU.ActiveCfg = Release|Any CPU
		{CE7384FD-52BB-4957-8C9A-26B2A873722A}.Release|Any CPU.Build.0 = Release|Any CPU
	EndGlobalSection
	GlobalSection(SolutionProperties) = preSolution
		HideSolutionNode = FALSE
	EndGlobalSection
	GlobalSection(NestedProjects) = preSolution
		{0DA6B5C5-085C-4EA7-B62F-B297B22D1A67} = {7847DCFB-3D46-4BA3-9A5F-33710B817F7C}
		{FD157827-89DA-42BB-BEB9-7A8F02EDCA67} = {7847DCFB-3D46-4BA3-9A5F-33710B817F7C}
		{DA90F799-1C92-4AE8-AB1C-1145D74EA23C} = {FD157827-89DA-42BB-BEB9-7A8F02EDCA67}
		{0D779041-FA5E-47B3-A81B-5EB773C709CB} = {8934FC25-EC18-4F39-B40A-53D45EA95CB9}
		{2A8DDAFD-0B2B-4798-89B6-EE43AFB380F7} = {8934FC25-EC18-4F39-B40A-53D45EA95CB9}
		{3DE12E86-D426-450A-B0B1-A9FB99D3E9D2} = {0D779041-FA5E-47B3-A81B-5EB773C709CB}
		{1CF72EDC-0C1C-4396-8154-FAE9C42DD445} = {93CB4140-B35D-46EA-80FC-9BF7D1A9F1F0}
		{4432699A-ECF9-436B-A46D-6F6A7F9C4BB7} = {93CB4140-B35D-46EA-80FC-9BF7D1A9F1F0}
		{E1759601-F341-419E-B978-7B753241C4D9} = {93CB4140-B35D-46EA-80FC-9BF7D1A9F1F0}
		{681EDEDC-C9DA-4D73-8294-ABD408CAED36} = {4432699A-ECF9-436B-A46D-6F6A7F9C4BB7}
		{91034DD7-C58F-420E-AC04-AC70793E675B} = {1CF72EDC-0C1C-4396-8154-FAE9C42DD445}
		{D7E64C95-7574-4631-8090-6FE7DE9B237D} = {B71F3936-C753-42C5-9F8D-4D5D1667E1B4}
		{7CD6309F-C689-4111-B58D-88F5BA9F3CC4} = {B71F3936-C753-42C5-9F8D-4D5D1667E1B4}
		{BF700DBB-E63D-47AD-AFB6-54128F012EF4} = {D7E64C95-7574-4631-8090-6FE7DE9B237D}
		{529BE6D6-7EDD-4BD2-ADF4-0607F22C00B6} = {93CB4140-B35D-46EA-80FC-9BF7D1A9F1F0}
		{F3014E5A-3CC8-4C5D-8BE2-E28AB778F354} = {529BE6D6-7EDD-4BD2-ADF4-0607F22C00B6}
		{CE7384FD-52BB-4957-8C9A-26B2A873722A} = {1CF72EDC-0C1C-4396-8154-FAE9C42DD445}
	EndGlobalSection
EndGlobal
