
Microsoft Visual Studio Solution File, Format Version 12.00
# Visual Studio 14
VisualStudioVersion = 14.0.23107.0
MinimumVisualStudioVersion = 10.0.40219.1
Project("{2150E333-8FDC-42A3-9474-1A3956D46DE8}") = "MessageBus", "MessageBus", "{93CB4140-B35D-46EA-80FC-9BF7D1A9F1F0}"
EndProject
Project("{2150E333-8FDC-42A3-9474-1A3956D46DE8}") = "Tests", "Tests", "{1CF72EDC-0C1C-4396-8154-FAE9C42DD445}"
EndProject
Project("{2150E333-8FDC-42A3-9474-1A3956D46DE8}") = "RabbitMQ", "RabbitMQ", "{4432699A-ECF9-436B-A46D-6F6A7F9C4BB7}"
EndProject
Project("{FAE04EC0-301F-11D3-BF4B-00C04F79EFBC}") = "ReactiveServices.MessageBus.RabbitMQ", "MessageBus\RabbitMQ\ReactiveServices.MessageBus.RabbitMQ.csproj", "{681EDEDC-C9DA-4D73-8294-ABD408CAED36}"
EndProject
Project("{FAE04EC0-301F-11D3-BF4B-00C04F79EFBC}") = "ReactiveServices.MessageBus.RabbitMQ.Tests", "MessageBus\Tests\ReactiveServices.MessageBus.RabbitMQ.Tests.csproj", "{91034DD7-C58F-420E-AC04-AC70793E675B}"
EndProject
Global
	GlobalSection(SolutionConfigurationPlatforms) = preSolution
		Debug|Any CPU = Debug|Any CPU
		Release|Any CPU = Release|Any CPU
	EndGlobalSection
	GlobalSection(ProjectConfigurationPlatforms) = postSolution
		{681EDEDC-C9DA-4D73-8294-ABD408CAED36}.Debug|Any CPU.ActiveCfg = Debug|Any CPU
		{681EDEDC-C9DA-4D73-8294-ABD408CAED36}.Debug|Any CPU.Build.0 = Debug|Any CPU
		{681EDEDC-C9DA-4D73-8294-ABD408CAED36}.Release|Any CPU.ActiveCfg = Release|Any CPU
		{681EDEDC-C9DA-4D73-8294-ABD408CAED36}.Release|Any CPU.Build.0 = Release|Any CPU
		{91034DD7-C58F-420E-AC04-AC70793E675B}.Debug|Any CPU.ActiveCfg = Debug|Any CPU
		{91034DD7-C58F-420E-AC04-AC70793E675B}.Debug|Any CPU.Build.0 = Debug|Any CPU
		{91034DD7-C58F-420E-AC04-AC70793E675B}.Release|Any CPU.ActiveCfg = Release|Any CPU
		{91034DD7-C58F-420E-AC04-AC70793E675B}.Release|Any CPU.Build.0 = Release|Any CPU
	EndGlobalSection
	GlobalSection(SolutionProperties) = preSolution
		HideSolutionNode = FALSE
	EndGlobalSection
	GlobalSection(NestedProjects) = preSolution
		{1CF72EDC-0C1C-4396-8154-FAE9C42DD445} = {93CB4140-B35D-46EA-80FC-9BF7D1A9F1F0}
		{4432699A-ECF9-436B-A46D-6F6A7F9C4BB7} = {93CB4140-B35D-46EA-80FC-9BF7D1A9F1F0}
		{681EDEDC-C9DA-4D73-8294-ABD408CAED36} = {4432699A-ECF9-436B-A46D-6F6A7F9C4BB7}
		{91034DD7-C58F-420E-AC04-AC70793E675B} = {1CF72EDC-0C1C-4396-8154-FAE9C42DD445}
	EndGlobalSection
EndGlobal
